hash: 8edb743315c7ae954281d825c0c94c34fdca1ecd406d4e3674fa5903c9faf105
updated: 2016-03-07T10:30:21.922746751-05:00
imports:
- name: github.com/dgrijalva/jwt-go
  version: f2193411bd642f7db03249fd79d5292c9b34916a
- name: github.com/groob/plist
  version: 960422c558dc729e57204822eefad0636185ba2b
- name: github.com/julienschmidt/httprouter
  version: 77366a47451a56bb3ba682481eed85b64fea14e8
- name: golang.org/x/crypto
  version: 5dc8cb4b8a8eb076cbb5a06bc3b8682c15bdbbd3
  subpackages:
  - bcrypt
  - blowfish
devImports: []
